// !$*UTF8*$!
{
	archiveVersion = 1;
	classes = {
	};
	objectVersion = 46;
	objects = {

/* Begin PBXBuildFile section */
		0930622D1B7ADD14006B7481 /* AppDelegate.swift in Sources */ = {isa = PBXBuildFile; fileRef = 0930622C1B7ADD14006B7481 /* AppDelegate.swift */; };
		0930622F1B7ADD14006B7481 /* FirstViewController.swift in Sources */ = {isa = PBXBuildFile; fileRef = 0930622E1B7ADD14006B7481 /* FirstViewController.swift */; };
		093062311B7ADD14006B7481 /* SecondViewController.swift in Sources */ = {isa = PBXBuildFile; fileRef = 093062301B7ADD14006B7481 /* SecondViewController.swift */; };
		093062341B7ADD14006B7481 /* Main.storyboard in Resources */ = {isa = PBXBuildFile; fileRef = 093062321B7ADD14006B7481 /* Main.storyboard */; };
		093062361B7ADD14006B7481 /* Images.xcassets in Resources */ = {isa = PBXBuildFile; fileRef = 093062351B7ADD14006B7481 /* Images.xcassets */; };
		093062391B7ADD14006B7481 /* LaunchScreen.xib in Resources */ = {isa = PBXBuildFile; fileRef = 093062371B7ADD14006B7481 /* LaunchScreen.xib */; };
		093062451B7ADD14006B7481 /* CanToolTests.swift in Sources */ = {isa = PBXBuildFile; fileRef = 093062441B7ADD14006B7481 /* CanToolTests.swift */; };
		0930624F1B7B0CEF006B7481 /* FrameIdResult.swift in Sources */ = {isa = PBXBuildFile; fileRef = 0930624E1B7B0CEF006B7481 /* FrameIdResult.swift */; };
/* End PBXBuildFile section */

/* Begin PBXContainerItemProxy section */
		0930623F1B7ADD14006B7481 /* PBXContainerItemProxy */ = {
			isa = PBXContainerItemProxy;
			containerPortal = 0930621F1B7ADD14006B7481 /* Project object */;
			proxyType = 1;
			remoteGlobalIDString = 093062261B7ADD14006B7481;
			remoteInfo = CanTool;
		};
/* End PBXContainerItemProxy section */

/* Begin PBXFileReference section */
		093062271B7ADD14006B7481 /* CanTool.app */ = {isa = PBXFileReference; explicitFileType = wrapper.application; includeInIndex = 0; path = CanTool.app; sourceTree = BUILT_PRODUCTS_DIR; };
		0930622B1B7ADD14006B7481 /* Info.plist */ = {isa = PBXFileReference; lastKnownFileType = text.plist.xml; path = Info.plist; sourceTree = "<group>"; };
		0930622C1B7ADD14006B7481 /* AppDelegate.swift */ = {isa = PBXFileReference; lastKnownFileType = sourcecode.swift; path = AppDelegate.swift; sourceTree = "<group>"; };
		0930622E1B7ADD14006B7481 /* FirstViewController.swift */ = {isa = PBXFileReference; lastKnownFileType = sourcecode.swift; path = FirstViewController.swift; sourceTree = "<group>"; };
		093062301B7ADD14006B7481 /* SecondViewController.swift */ = {isa = PBXFileReference; lastKnownFileType = sourcecode.swift; path = SecondViewController.swift; sourceTree = "<group>"; };
		093062331B7ADD14006B7481 /* Base */ = {isa = PBXFileReference; lastKnownFileType = file.storyboard; name = Base; path = Base.lproj/Main.storyboard; sourceTree = "<group>"; };
		093062351B7ADD14006B7481 /* Images.xcassets */ = {isa = PBXFileReference; lastKnownFileType = folder.assetcatalog; path = Images.xcassets; sourceTree = "<group>"; };
		093062381B7ADD14006B7481 /* Base */ = {isa = PBXFileReference; lastKnownFileType = file.xib; name = Base; path = Base.lproj/LaunchScreen.xib; sourceTree = "<group>"; };
		0930623E1B7ADD14006B7481 /* CanToolTests.xctest */ = {isa = PBXFileReference; explicitFileType = wrapper.cfbundle; includeInIndex = 0; path = CanToolTests.xctest; sourceTree = BUILT_PRODUCTS_DIR; };
		093062431B7ADD14006B7481 /* Info.plist */ = {isa = PBXFileReference; lastKnownFileType = text.plist.xml; path = Info.plist; sourceTree = "<group>"; };
		093062441B7ADD14006B7481 /* CanToolTests.swift */ = {isa = PBXFileReference; lastKnownFileType = sourcecode.swift; path = CanToolTests.swift; sourceTree = "<group>"; };
		0930624E1B7B0CEF006B7481 /* FrameIdResult.swift */ = {isa = PBXFileReference; fileEncoding = 4; lastKnownFileType = sourcecode.swift; path = FrameIdResult.swift; sourceTree = "<group>"; };
/* End PBXFileReference section */

/* Begin PBXFrameworksBuildPhase section */
		093062241B7ADD14006B7481 /* Frameworks */ = {
			isa = PBXFrameworksBuildPhase;
			buildActionMask = 2147483647;
			files = (
			);
			runOnlyForDeploymentPostprocessing = 0;
		};
		0930623B1B7ADD14006B7481 /* Frameworks */ = {
			isa = PBXFrameworksBuildPhase;
			buildActionMask = 2147483647;
			files = (
			);
			runOnlyForDeploymentPostprocessing = 0;
		};
/* End PBXFrameworksBuildPhase section */

/* Begin PBXGroup section */
		0930621E1B7ADD14006B7481 = {
			isa = PBXGroup;
			children = (
				093062291B7ADD14006B7481 /* CanTool */,
				093062411B7ADD14006B7481 /* CanToolTests */,
				093062281B7ADD14006B7481 /* Products */,
			);
			sourceTree = "<group>";
		};
		093062281B7ADD14006B7481 /* Products */ = {
			isa = PBXGroup;
			children = (
				093062271B7ADD14006B7481 /* CanTool.app */,
				0930623E1B7ADD14006B7481 /* CanToolTests.xctest */,
			);
			name = Products;
			sourceTree = "<group>";
		};
		093062291B7ADD14006B7481 /* CanTool */ = {
			isa = PBXGroup;
			children = (
				0930622C1B7ADD14006B7481 /* AppDelegate.swift */,
				0930622E1B7ADD14006B7481 /* FirstViewController.swift */,
				0930624E1B7B0CEF006B7481 /* FrameIdResult.swift */,
				093062301B7ADD14006B7481 /* SecondViewController.swift */,
				093062321B7ADD14006B7481 /* Main.storyboard */,
				093062351B7ADD14006B7481 /* Images.xcassets */,
				093062371B7ADD14006B7481 /* LaunchScreen.xib */,
				0930622A1B7ADD14006B7481 /* Supporting Files */,
			);
			path = CanTool;
			sourceTree = "<group>";
		};
		0930622A1B7ADD14006B7481 /* Supporting Files */ = {
			isa = PBXGroup;
			children = (
				0930622B1B7ADD14006B7481 /* Info.plist */,
			);
			name = "Supporting Files";
			sourceTree = "<group>";
		};
		093062411B7ADD14006B7481 /* CanToolTests */ = {
			isa = PBXGroup;
			children = (
				093062441B7ADD14006B7481 /* CanToolTests.swift */,
				093062421B7ADD14006B7481 /* Supporting Files */,
			);
			path = CanToolTests;
			sourceTree = "<group>";
		};
		093062421B7ADD14006B7481 /* Supporting Files */ = {
			isa = PBXGroup;
			children = (
				093062431B7ADD14006B7481 /* Info.plist */,
			);
			name = "Supporting Files";
			sourceTree = "<group>";
		};
/* End PBXGroup section */

/* Begin PBXNativeTarget section */
		093062261B7ADD14006B7481 /* CanTool */ = {
			isa = PBXNativeTarget;
			buildConfigurationList = 093062481B7ADD14006B7481 /* Build configuration list for PBXNativeTarget "CanTool" */;
			buildPhases = (
				093062231B7ADD14006B7481 /* Sources */,
				093062241B7ADD14006B7481 /* Frameworks */,
				093062251B7ADD14006B7481 /* Resources */,
			);
			buildRules = (
			);
			dependencies = (
			);
			name = CanTool;
			productName = CanTool;
			productReference = 093062271B7ADD14006B7481 /* CanTool.app */;
			productType = "com.apple.product-type.application";
		};
		0930623D1B7ADD14006B7481 /* CanToolTests */ = {
			isa = PBXNativeTarget;
			buildConfigurationList = 0930624B1B7ADD14006B7481 /* Build configuration list for PBXNativeTarget "CanToolTests" */;
			buildPhases = (
				0930623A1B7ADD14006B7481 /* Sources */,
				0930623B1B7ADD14006B7481 /* Frameworks */,
				0930623C1B7ADD14006B7481 /* Resources */,
			);
			buildRules = (
			);
			dependencies = (
				093062401B7ADD14006B7481 /* PBXTargetDependency */,
			);
			name = CanToolTests;
			productName = CanToolTests;
			productReference = 0930623E1B7ADD14006B7481 /* CanToolTests.xctest */;
			productType = "com.apple.product-type.bundle.unit-test";
		};
/* End PBXNativeTarget section */

/* Begin PBXProject section */
		0930621F1B7ADD14006B7481 /* Project object */ = {
			isa = PBXProject;
			attributes = {
				LastSwiftMigration = 0710;
				LastSwiftUpdateCheck = 0710;
				LastUpgradeCheck = 0710;
				ORGANIZATIONNAME = "Spencer Paschal";
				TargetAttributes = {
					093062261B7ADD14006B7481 = {
						CreatedOnToolsVersion = 6.4;
					};
					0930623D1B7ADD14006B7481 = {
						CreatedOnToolsVersion = 6.4;
						TestTargetID = 093062261B7ADD14006B7481;
					};
				};
			};
			buildConfigurationList = 093062221B7ADD14006B7481 /* Build configuration list for PBXProject "CanTool" */;
			compatibilityVersion = "Xcode 3.2";
			developmentRegion = English;
			hasScannedForEncodings = 0;
			knownRegions = (
				en,
				Base,
			);
			mainGroup = 0930621E1B7ADD14006B7481;
			productRefGroup = 093062281B7ADD14006B7481 /* Products */;
			projectDirPath = "";
			projectRoot = "";
			targets = (
				093062261B7ADD14006B7481 /* CanTool */,
				0930623D1B7ADD14006B7481 /* CanToolTests */,
			);
		};
/* End PBXProject section */

/* Begin PBXResourcesBuildPhase section */
		093062251B7ADD14006B7481 /* Resources */ = {
			isa = PBXResourcesBuildPhase;
			buildActionMask = 2147483647;
			files = (
				093062341B7ADD14006B7481 /* Main.storyboard in Resources */,
				093062391B7ADD14006B7481 /* LaunchScreen.xib in Resources */,
				093062361B7ADD14006B7481 /* Images.xcassets in Resources */,
			);
			runOnlyForDeploymentPostprocessing = 0;
		};
		0930623C1B7ADD14006B7481 /* Resources */ = {
			isa = PBXResourcesBuildPhase;
			buildActionMask = 2147483647;
			files = (
			);
			runOnlyForDeploymentPostprocessing = 0;
		};
/* End PBXResourcesBuildPhase section */

/* Begin PBXSourcesBuildPhase section */
		093062231B7ADD14006B7481 /* Sources */ = {
			isa = PBXSourcesBuildPhase;
			buildActionMask = 2147483647;
			files = (
				093062311B7ADD14006B7481 /* SecondViewController.swift in Sources */,
				0930624F1B7B0CEF006B7481 /* FrameIdResult.swift in Sources */,
				0930622D1B7ADD14006B7481 /* AppDelegate.swift in Sources */,
				0930622F1B7ADD14006B7481 /* FirstViewController.swift in Sources */,
			);
			runOnlyForDeploymentPostprocessing = 0;
		};
		0930623A1B7ADD14006B7481 /* Sources */ = {
			isa = PBXSourcesBuildPhase;
			buildActionMask = 2147483647;
			files = (
				093062451B7ADD14006B7481 /* CanToolTests.swift in Sources */,
			);
			runOnlyForDeploymentPostprocessing = 0;
		};
/* End PBXSourcesBuildPhase section */

/* Begin PBXTargetDependency section */
		093062401B7ADD14006B7481 /* PBXTargetDependency */ = {
			isa = PBXTargetDependency;
			target = 093062261B7ADD14006B7481 /* CanTool */;
			targetProxy = 0930623F1B7ADD14006B7481 /* PBXContainerItemProxy */;
		};
/* End PBXTargetDependency section */

/* Begin PBXVariantGroup section */
		093062321B7ADD14006B7481 /* Main.storyboard */ = {
			isa = PBXVariantGroup;
			children = (
				093062331B7ADD14006B7481 /* Base */,
			);
			name = Main.storyboard;
			sourceTree = "<group>";
		};
		093062371B7ADD14006B7481 /* LaunchScreen.xib */ = {
			isa = PBXVariantGroup;
			children = (
				093062381B7ADD14006B7481 /* Base */,
			);
			name = LaunchScreen.xib;
			sourceTree = "<group>";
		};
/* End PBXVariantGroup section */

/* Begin XCBuildConfiguration section */
		093062461B7ADD14006B7481 /* Debug */ = {
			isa = XCBuildConfiguration;
			buildSettings = {
				ALWAYS_SEARCH_USER_PATHS = NO;
				CLANG_CXX_LANGUAGE_STANDARD = "gnu++0x";
				CLANG_CXX_LIBRARY = "libc++";
				CLANG_ENABLE_MODULES = YES;
				CLANG_ENABLE_OBJC_ARC = YES;
				CLANG_WARN_BOOL_CONVERSION = YES;
				CLANG_WARN_CONSTANT_CONVERSION = YES;
				CLANG_WARN_DIRECT_OBJC_ISA_USAGE = YES_ERROR;
				CLANG_WARN_EMPTY_BODY = YES;
				CLANG_WARN_ENUM_CONVERSION = YES;
				CLANG_WARN_INT_CONVERSION = YES;
				CLANG_WARN_OBJC_ROOT_CLASS = YES_ERROR;
				CLANG_WARN_UNREACHABLE_CODE = YES;
				CLANG_WARN__DUPLICATE_METHOD_MATCH = YES;
				"CODE_SIGN_IDENTITY[sdk=iphoneos*]" = "iPhone Developer";
				COPY_PHASE_STRIP = NO;
				DEBUG_INFORMATION_FORMAT = "dwarf-with-dsym";
				ENABLE_STRICT_OBJC_MSGSEND = YES;
				ENABLE_TESTABILITY = YES;
				GCC_C_LANGUAGE_STANDARD = gnu99;
				GCC_DYNAMIC_NO_PIC = NO;
				GCC_NO_COMMON_BLOCKS = YES;
				GCC_OPTIMIZATION_LEVEL = 0;
				GCC_PREPROCESSOR_DEFINITIONS = (
					"DEBUG=1",
					"$(inherited)",
				);
				GCC_SYMBOLS_PRIVATE_EXTERN = NO;
				GCC_WARN_64_TO_32_BIT_CONVERSION = YES;
				GCC_WARN_ABOUT_RETURN_TYPE = YES_ERROR;
				GCC_WARN_UNDECLARED_SELECTOR = YES;
				GCC_WARN_UNINITIALIZED_AUTOS = YES_AGGRESSIVE;
				GCC_WARN_UNUSED_FUNCTION = YES;
				GCC_WARN_UNUSED_VARIABLE = YES;
				IPHONEOS_DEPLOYMENT_TARGET = 8.4;
				MTL_ENABLE_DEBUG_INFO = YES;
				ONLY_ACTIVE_ARCH = YES;
				SDKROOT = iphoneos;
				SWIFT_OPTIMIZATION_LEVEL = "-Onone";
				TARGETED_DEVICE_FAMILY = "1,2";
			};
			name = Debug;
		};
		093062471B7ADD14006B7481 /* Release */ = {
			isa = XCBuildConfiguration;
			buildSettings = {
				ALWAYS_SEARCH_USER_PATHS = NO;
				CLANG_CXX_LANGUAGE_STANDARD = "gnu++0x";
				CLANG_CXX_LIBRARY = "libc++";
				CLANG_ENABLE_MODULES = YES;
				CLANG_ENABLE_OBJC_ARC = YES;
				CLANG_WARN_BOOL_CONVERSION = YES;
				CLANG_WARN_CONSTANT_CONVERSION = YES;
				CLANG_WARN_DIRECT_OBJC_ISA_USAGE = YES_ERROR;
				CLANG_WARN_EMPTY_BODY = YES;
				CLANG_WARN_ENUM_CONVERSION = YES;
				CLANG_WARN_INT_CONVERSION = YES;
				CLANG_WARN_OBJC_ROOT_CLASS = YES_ERROR;
				CLANG_WARN_UNREACHABLE_CODE = YES;
				CLANG_WARN__DUPLICATE_METHOD_MATCH = YES;
				"CODE_SIGN_IDENTITY[sdk=iphoneos*]" = "iPhone Developer";
				COPY_PHASE_STRIP = NO;
				DEBUG_INFORMATION_FORMAT = "dwarf-with-dsym";
				ENABLE_NS_ASSERTIONS = NO;
				ENABLE_STRICT_OBJC_MSGSEND = YES;
				GCC_C_LANGUAGE_STANDARD = gnu99;
				GCC_NO_COMMON_BLOCKS = YES;
				GCC_WARN_64_TO_32_BIT_CONVERSION = YES;
				GCC_WARN_ABOUT_RETURN_TYPE = YES_ERROR;
				GCC_WARN_UNDECLARED_SELECTOR = YES;
				GCC_WARN_UNINITIALIZED_AUTOS = YES_AGGRESSIVE;
				GCC_WARN_UNUSED_FUNCTION = YES;
				GCC_WARN_UNUSED_VARIABLE = YES;
				IPHONEOS_DEPLOYMENT_TARGET = 8.4;
				MTL_ENABLE_DEBUG_INFO = NO;
				SDKROOT = iphoneos;
				TARGETED_DEVICE_FAMILY = "1,2";
				VALIDATE_PRODUCT = YES;
			};
			name = Release;
		};
		093062491B7ADD14006B7481 /* Debug */ = {
			isa = XCBuildConfiguration;
			buildSettings = {
				ASSETCATALOG_COMPILER_APPICON_NAME = AppIcon;
				INFOPLIST_FILE = CanTool/Info.plist;
				LD_RUNPATH_SEARCH_PATHS = "$(inherited) @executable_path/Frameworks";
				PRODUCT_BUNDLE_IDENTIFIER = "com.spencer.$(PRODUCT_NAME:rfc1034identifier)";
				PRODUCT_NAME = "$(TARGET_NAME)";
			};
			name = Debug;
		};
		0930624A1B7ADD14006B7481 /* Release */ = {
			isa = XCBuildConfiguration;
			buildSettings = {
				ASSETCATALOG_COMPILER_APPICON_NAME = AppIcon;
				INFOPLIST_FILE = CanTool/Info.plist;
				LD_RUNPATH_SEARCH_PATHS = "$(inherited) @executable_path/Frameworks";
				PRODUCT_BUNDLE_IDENTIFIER = "com.spencer.$(PRODUCT_NAME:rfc1034identifier)";
				PRODUCT_NAME = "$(TARGET_NAME)";
			};
			name = Release;
		};
		0930624C1B7ADD14006B7481 /* Debug */ = {
			isa = XCBuildConfiguration;
			buildSettings = {
				BUNDLE_LOADER = "$(TEST_HOST)";
				FRAMEWORK_SEARCH_PATHS = (
					"$(SDKROOT)/Developer/Library/Frameworks",
					"$(inherited)",
				);
				GCC_PREPROCESSOR_DEFINITIONS = (
					"DEBUG=1",
					"$(inherited)",
				);
				INFOPLIST_FILE = CanToolTests/Info.plist;
				LD_RUNPATH_SEARCH_PATHS = "$(inherited) @executable_path/Frameworks @loader_path/Frameworks";
				PRODUCT_BUNDLE_IDENTIFIER = "com.spencer.$(PRODUCT_NAME:rfc1034identifier)";
				PRODUCT_NAME = "$(TARGET_NAME)";
				TEST_HOST = "$(BUILT_PRODUCTS_DIR)/CanTool.app/CanTool";
			};
			name = Debug;
		};
		0930624D1B7ADD14006B7481 /* Release */ = {
			isa = XCBuildConfiguration;
			buildSettings = {
				BUNDLE_LOADER = "$(TEST_HOST)";
				FRAMEWORK_SEARCH_PATHS = (
					"$(SDKROOT)/Developer/Library/Frameworks",
					"$(inherited)",
				);
				INFOPLIST_FILE = CanToolTests/Info.plist;
				LD_RUNPATH_SEARCH_PATHS = "$(inherited) @executable_path/Frameworks @loader_path/Frameworks";
				PRODUCT_BUNDLE_IDENTIFIER = "com.spencer.$(PRODUCT_NAME:rfc1034identifier)";
				PRODUCT_NAME = "$(TARGET_NAME)";
				TEST_HOST = "$(BUILT_PRODUCTS_DIR)/CanTool.app/CanTool";
			};
			name = Release;
		};
/* End XCBuildConfiguration section */

/* Begin XCConfigurationList section */
		093062221B7ADD14006B7481 /* Build configuration list for PBXProject "CanTool" */ = {
			isa = XCConfigurationList;
			buildConfigurations = (
				093062461B7ADD14006B7481 /* Debug */,
				093062471B7ADD14006B7481 /* Release */,
			);
			defaultConfigurationIsVisible = 0;
			defaultConfigurationName = Release;
		};
		093062481B7ADD14006B7481 /* Build configuration list for PBXNativeTarget "CanTool" */ = {
			isa = XCConfigurationList;
			buildConfigurations = (
				093062491B7ADD14006B7481 /* Debug */,
				0930624A1B7ADD14006B7481 /* Release */,
			);
			defaultConfigurationIsVisible = 0;
			defaultConfigurationName = Release;
		};
		0930624B1B7ADD14006B7481 /* Build configuration list for PBXNativeTarget "CanToolTests" */ = {
			isa = XCConfigurationList;
			buildConfigurations = (
				0930624C1B7ADD14006B7481 /* Debug */,
				0930624D1B7ADD14006B7481 /* Release */,
			);
			defaultConfigurationIsVisible = 0;
			defaultConfigurationName = Release;
		};
/* End XCConfigurationList section */
	};
	rootObject = 0930621F1B7ADD14006B7481 /* Project object */;
}
